
Microsoft Visual Studio Solution File, Format Version 12.00
# Visual Studio Version 17
VisualStudioVersion = 17.1.32210.238
MinimumVisualStudioVersion = 10.0.40219.1
Project("{9A19103F-16F7-4668-BE54-9A1E7A4F7556}") = "Base62", "Base62\Base62.csproj", "{AE1B5455-F004-4948-AE22-AC59C03C53BC}"
EndProject
Project("{9A19103F-16F7-4668-BE54-9A1E7A4F7556}") = "Base62.Tests", "Base62.Tests\Base62.Tests.csproj", "{11235960-3E83-46D3-A66B-F493894471C5}"
EndProject
Project("{2150E333-8FDC-42A3-9474-1A3956D46DE8}") = "Solution Items", "Solution Items", "{5CF4F621-110B-4ADF-A464-A75042EFCF6B}"
	ProjectSection(SolutionItems) = preProject
		.gitignore = .gitignore
		.editorconfig = .editorconfig
		LICENSE.md = LICENSE.md
		README.md = README.md
	EndProjectSection
EndProject
Project("{FAE04EC0-301F-11D3-BF4B-00C04F79EFBC}") = "Base62.Benchmark", "Base62.Benchmark\Base62.Benchmark.csproj", "{782CA29C-A056-41D0-BD8C-C061483FA067}"
EndProject
Global
	GlobalSection(SolutionConfigurationPlatforms) = preSolution
		Debug|Any CPU = Debug|Any CPU
		Debug|x64 = Debug|x64
		Debug|x86 = Debug|x86
		Release|Any CPU = Release|Any CPU
		Release|x64 = Release|x64
		Release|x86 = Release|x86
	EndGlobalSection
	GlobalSection(ProjectConfigurationPlatforms) = postSolution
		{AE1B5455-F004-4948-AE22-AC59C03C53BC}.Debug|Any CPU.ActiveCfg = Debug|Any CPU
		{AE1B5455-F004-4948-AE22-AC59C03C53BC}.Debug|Any CPU.Build.0 = Debug|Any CPU
		{AE1B5455-F004-4948-AE22-AC59C03C53BC}.Debug|x64.ActiveCfg = Debug|Any CPU
		{AE1B5455-F004-4948-AE22-AC59C03C53BC}.Debug|x64.Build.0 = Debug|Any CPU
		{AE1B5455-F004-4948-AE22-AC59C03C53BC}.Debug|x86.ActiveCfg = Debug|Any CPU
		{AE1B5455-F004-4948-AE22-AC59C03C53BC}.Debug|x86.Build.0 = Debug|Any CPU
		{AE1B5455-F004-4948-AE22-AC59C03C53BC}.Release|Any CPU.ActiveCfg = Release|Any CPU
		{AE1B5455-F004-4948-AE22-AC59C03C53BC}.Release|Any CPU.Build.0 = Release|Any CPU
		{AE1B5455-F004-4948-AE22-AC59C03C53BC}.Release|x64.ActiveCfg = Release|Any CPU
		{AE1B5455-F004-4948-AE22-AC59C03C53BC}.Release|x64.Build.0 = Release|Any CPU
		{AE1B5455-F004-4948-AE22-AC59C03C53BC}.Release|x86.ActiveCfg = Release|Any CPU
		{AE1B5455-F004-4948-AE22-AC59C03C53BC}.Release|x86.Build.0 = Release|Any CPU
		{11235960-3E83-46D3-A66B-F493894471C5}.Debug|Any CPU.ActiveCfg = Debug|Any CPU
		{11235960-3E83-46D3-A66B-F493894471C5}.Debug|Any CPU.Build.0 = Debug|Any CPU
		{11235960-3E83-46D3-A66B-F493894471C5}.Debug|x64.ActiveCfg = Debug|Any CPU
		{11235960-3E83-46D3-A66B-F493894471C5}.Debug|x64.Build.0 = Debug|Any CPU
		{11235960-3E83-46D3-A66B-F493894471C5}.Debug|x86.ActiveCfg = Debug|Any CPU
		{11235960-3E83-46D3-A66B-F493894471C5}.Debug|x86.Build.0 = Debug|Any CPU
		{11235960-3E83-46D3-A66B-F493894471C5}.Release|Any CPU.ActiveCfg = Release|Any CPU
		{11235960-3E83-46D3-A66B-F493894471C5}.Release|Any CPU.Build.0 = Release|Any CPU
		{11235960-3E83-46D3-A66B-F493894471C5}.Release|x64.ActiveCfg = Release|Any CPU
		{11235960-3E83-46D3-A66B-F493894471C5}.Release|x64.Build.0 = Release|Any CPU
		{11235960-3E83-46D3-A66B-F493894471C5}.Release|x86.ActiveCfg = Release|Any CPU
		{11235960-3E83-46D3-A66B-F493894471C5}.Release|x86.Build.0 = Release|Any CPU
		{782CA29C-A056-41D0-BD8C-C061483FA067}.Debug|Any CPU.ActiveCfg = Debug|Any CPU
		{782CA29C-A056-41D0-BD8C-C061483FA067}.Debug|Any CPU.Build.0 = Debug|Any CPU
		{782CA29C-A056-41D0-BD8C-C061483FA067}.Debug|x64.ActiveCfg = Debug|Any CPU
		{782CA29C-A056-41D0-BD8C-C061483FA067}.Debug|x64.Build.0 = Debug|Any CPU
		{782CA29C-A056-41D0-BD8C-C061483FA067}.Debug|x86.ActiveCfg = Debug|Any CPU
		{782CA29C-A056-41D0-BD8C-C061483FA067}.Debug|x86.Build.0 = Debug|Any CPU
		{782CA29C-A056-41D0-BD8C-C061483FA067}.Release|Any CPU.ActiveCfg = Release|Any CPU
		{782CA29C-A056-41D0-BD8C-C061483FA067}.Release|Any CPU.Build.0 = Release|Any CPU
		{782CA29C-A056-41D0-BD8C-C061483FA067}.Release|x64.ActiveCfg = Release|Any CPU
		{782CA29C-A056-41D0-BD8C-C061483FA067}.Release|x64.Build.0 = Release|Any CPU
		{782CA29C-A056-41D0-BD8C-C061483FA067}.Release|x86.ActiveCfg = Release|Any CPU
		{782CA29C-A056-41D0-BD8C-C061483FA067}.Release|x86.Build.0 = Release|Any CPU
	EndGlobalSection
	GlobalSection(SolutionProperties) = preSolution
		HideSolutionNode = FALSE
	EndGlobalSection
	GlobalSection(ExtensibilityGlobals) = postSolution
		SolutionGuid = {8510CFB9-442B-4F8A-BE3E-D87E5F9B0BA5}
	EndGlobalSection
EndGlobal
